
Microsoft Visual Studio Solution File, Format Version 12.00
# Visual Studio 15
VisualStudioVersion = 15.0.28010.2019
MinimumVisualStudioVersion = 10.0.40219.1
Project("{FAE04EC0-301F-11D3-BF4B-00C04F79EFBC}") = "aisDataBrowser", "aisDataBrowser.csproj", "{8B0E6F62-4518-4792-A0E7-9CF9C6CCE6CA}"
EndProject
Project("{9A19103F-16F7-4668-BE54-9A1E7A4F7556}") = "Celin.AIS.Data", "..\Herdubreid\Celin.AIS.Data\Celin.AIS.Data.csproj", "{92291BE1-A94D-4BFB-A4CA-662BB0D22D4A}"
EndProject
Project("{9A19103F-16F7-4668-BE54-9A1E7A4F7556}") = "Celin.AIS", "..\Herdubreid\Celin.AIS\Celin.AIS.csproj", "{53474EA2-1C5C-480C-BA71-657574AD4034}"
EndProject
Project("{9A19103F-16F7-4668-BE54-9A1E7A4F7556}") = "Pidgin", "..\benjamin-hodgson\pidgin\Pidgin\Pidgin.csproj", "{E016C263-A821-4066-B13B-221E6A9C74E5}"
EndProject
Global
	GlobalSection(SolutionConfigurationPlatforms) = preSolution
		Debug|Any CPU = Debug|Any CPU
		Debug|x86 = Debug|x86
		Release|Any CPU = Release|Any CPU
		Release|x86 = Release|x86
	EndGlobalSection
	GlobalSection(ProjectConfigurationPlatforms) = postSolution
		{8B0E6F62-4518-4792-A0E7-9CF9C6CCE6CA}.Debug|Any CPU.ActiveCfg = Debug|Any CPU
		{8B0E6F62-4518-4792-A0E7-9CF9C6CCE6CA}.Debug|Any CPU.Build.0 = Debug|Any CPU
		{8B0E6F62-4518-4792-A0E7-9CF9C6CCE6CA}.Debug|x86.ActiveCfg = Debug|Any CPU
		{8B0E6F62-4518-4792-A0E7-9CF9C6CCE6CA}.Debug|x86.Build.0 = Debug|Any CPU
		{8B0E6F62-4518-4792-A0E7-9CF9C6CCE6CA}.Release|Any CPU.ActiveCfg = Release|Any CPU
		{8B0E6F62-4518-4792-A0E7-9CF9C6CCE6CA}.Release|Any CPU.Build.0 = Release|Any CPU
		{8B0E6F62-4518-4792-A0E7-9CF9C6CCE6CA}.Release|x86.ActiveCfg = Release|Any CPU
		{8B0E6F62-4518-4792-A0E7-9CF9C6CCE6CA}.Release|x86.Build.0 = Release|Any CPU
		{92291BE1-A94D-4BFB-A4CA-662BB0D22D4A}.Debug|Any CPU.ActiveCfg = Debug|Any CPU
		{92291BE1-A94D-4BFB-A4CA-662BB0D22D4A}.Debug|Any CPU.Build.0 = Debug|Any CPU
		{92291BE1-A94D-4BFB-A4CA-662BB0D22D4A}.Debug|x86.ActiveCfg = Debug|Any CPU
		{92291BE1-A94D-4BFB-A4CA-662BB0D22D4A}.Debug|x86.Build.0 = Debug|Any CPU
		{92291BE1-A94D-4BFB-A4CA-662BB0D22D4A}.Release|Any CPU.ActiveCfg = Release|Any CPU
		{92291BE1-A94D-4BFB-A4CA-662BB0D22D4A}.Release|Any CPU.Build.0 = Release|Any CPU
		{92291BE1-A94D-4BFB-A4CA-662BB0D22D4A}.Release|x86.ActiveCfg = Release|Any CPU
		{92291BE1-A94D-4BFB-A4CA-662BB0D22D4A}.Release|x86.Build.0 = Release|Any CPU
		{53474EA2-1C5C-480C-BA71-657574AD4034}.Debug|Any CPU.ActiveCfg = Debug|Any CPU
		{53474EA2-1C5C-480C-BA71-657574AD4034}.Debug|Any CPU.Build.0 = Debug|Any CPU
		{53474EA2-1C5C-480C-BA71-657574AD4034}.Debug|x86.ActiveCfg = Debug|Any CPU
		{53474EA2-1C5C-480C-BA71-657574AD4034}.Debug|x86.Build.0 = Debug|Any CPU
		{53474EA2-1C5C-480C-BA71-657574AD4034}.Release|Any CPU.ActiveCfg = Release|Any CPU
		{53474EA2-1C5C-480C-BA71-657574AD4034}.Release|Any CPU.Build.0 = Release|Any CPU
		{53474EA2-1C5C-480C-BA71-657574AD4034}.Release|x86.ActiveCfg = Release|Any CPU
		{53474EA2-1C5C-480C-BA71-657574AD4034}.Release|x86.Build.0 = Release|Any CPU
		{E016C263-A821-4066-B13B-221E6A9C74E5}.Debug|Any CPU.ActiveCfg = Debug|Any CPU
		{E016C263-A821-4066-B13B-221E6A9C74E5}.Debug|Any CPU.Build.0 = Debug|Any CPU
		{E016C263-A821-4066-B13B-221E6A9C74E5}.Debug|x86.ActiveCfg = Debug|Any CPU
		{E016C263-A821-4066-B13B-221E6A9C74E5}.Debug|x86.Build.0 = Debug|Any CPU
		{E016C263-A821-4066-B13B-221E6A9C74E5}.Release|Any CPU.ActiveCfg = Release|Any CPU
		{E016C263-A821-4066-B13B-221E6A9C74E5}.Release|Any CPU.Build.0 = Release|Any CPU
		{E016C263-A821-4066-B13B-221E6A9C74E5}.Release|x86.ActiveCfg = Release|Any CPU
		{E016C263-A821-4066-B13B-221E6A9C74E5}.Release|x86.Build.0 = Release|Any CPU
	EndGlobalSection
	GlobalSection(SolutionProperties) = preSolution
		HideSolutionNode = FALSE
	EndGlobalSection
	GlobalSection(ExtensibilityGlobals) = postSolution
		SolutionGuid = {2F5D8CC7-254C-490E-B9CF-AC5AC9259D55}
	EndGlobalSection
EndGlobal
