
Microsoft Visual Studio Solution File, Format Version 12.00
# Visual Studio 15
VisualStudioVersion = 15.0.28010.2019
MinimumVisualStudioVersion = 10.0.40219.1
Project("{FAE04EC0-301F-11D3-BF4B-00C04F79EFBC}") = "aisDataBrowser", "aisDataBrowser.csproj", "{8B0E6F62-4518-4792-A0E7-9CF9C6CCE6CA}"
EndProject
Global
	GlobalSection(SolutionConfigurationPlatforms) = preSolution
		Debug|Any CPU = Debug|Any CPU
		Debug|x86 = Debug|x86
		Release|Any CPU = Release|Any CPU
		Release|x86 = Release|x86
	EndGlobalSection
	GlobalSection(ProjectConfigurationPlatforms) = postSolution
		{8B0E6F62-4518-4792-A0E7-9CF9C6CCE6CA}.Debug|Any CPU.ActiveCfg = Debug|Any CPU
		{8B0E6F62-4518-4792-A0E7-9CF9C6CCE6CA}.Debug|Any CPU.Build.0 = Debug|Any CPU
		{8B0E6F62-4518-4792-A0E7-9CF9C6CCE6CA}.Debug|x86.ActiveCfg = Debug|Any CPU
		{8B0E6F62-4518-4792-A0E7-9CF9C6CCE6CA}.Debug|x86.Build.0 = Debug|Any CPU
		{8B0E6F62-4518-4792-A0E7-9CF9C6CCE6CA}.Release|Any CPU.ActiveCfg = Release|Any CPU
		{8B0E6F62-4518-4792-A0E7-9CF9C6CCE6CA}.Release|Any CPU.Build.0 = Release|Any CPU
		{8B0E6F62-4518-4792-A0E7-9CF9C6CCE6CA}.Release|x86.ActiveCfg = Release|Any CPU
		{8B0E6F62-4518-4792-A0E7-9CF9C6CCE6CA}.Release|x86.Build.0 = Release|Any CPU
	EndGlobalSection
	GlobalSection(SolutionProperties) = preSolution
		HideSolutionNode = FALSE
	EndGlobalSection
	GlobalSection(ExtensibilityGlobals) = postSolution
		SolutionGuid = {2F5D8CC7-254C-490E-B9CF-AC5AC9259D55}
	EndGlobalSection
EndGlobal
